
Microsoft Visual Studio Solution File, Format Version 12.00
# Visual Studio 15
VisualStudioVersion = 15.0.28307.960
MinimumVisualStudioVersion = 10.0.40219.1
Project("{FAE04EC0-301F-11D3-BF4B-00C04F79EFBC}") = "Senai.Senatur.WebApi", "Senai.Senatur.WebApi\Senai.Senatur.WebApi.csproj", "{02CE929A-43CD-4ECC-9059-3F85EBB60BB5}"
EndProject
Global
	GlobalSection(SolutionConfigurationPlatforms) = preSolution
		Debug|Any CPU = Debug|Any CPU
		Release|Any CPU = Release|Any CPU
	EndGlobalSection
	GlobalSection(ProjectConfigurationPlatforms) = postSolution
		{02CE929A-43CD-4ECC-9059-3F85EBB60BB5}.Debug|Any CPU.ActiveCfg = Debug|Any CPU
		{02CE929A-43CD-4ECC-9059-3F85EBB60BB5}.Debug|Any CPU.Build.0 = Debug|Any CPU
		{02CE929A-43CD-4ECC-9059-3F85EBB60BB5}.Release|Any CPU.ActiveCfg = Release|Any CPU
		{02CE929A-43CD-4ECC-9059-3F85EBB60BB5}.Release|Any CPU.Build.0 = Release|Any CPU
	EndGlobalSection
	GlobalSection(SolutionProperties) = preSolution
		HideSolutionNode = FALSE
	EndGlobalSection
	GlobalSection(ExtensibilityGlobals) = postSolution
		SolutionGuid = {B26362B8-4409-4BC2-A2F8-7054224B2F40}
	EndGlobalSection
EndGlobal
